<?xml version="1.0" encoding="utf-8"?>
<Project ToolsVersion="4.0" xmlns="http://schemas.microsoft.com/developer/msbuild/2003">
  <ItemGroup>
    <Filter Include="win32">
      <UniqueIdentifier>{84a8ebd7-7cf0-47f6-b75e-d441df67da40}</UniqueIdentifier>
    </Filter>
    <Filter Include="Classes">
      <UniqueIdentifier>{bb6c862e-70e9-49d9-81b7-3829a6f50471}</UniqueIdentifier>
    </Filter>
    <Filter Include="resource">
      <UniqueIdentifier>{715254bc-d70b-4ec5-bf29-467dd3ace079}</UniqueIdentifier>
    </Filter>
    <Filter Include="Classes\snakes">
      <UniqueIdentifier>{fb40901f-7fec-4fff-bb6a-e96c2c9af5f2}</UniqueIdentifier>
    </Filter>
    <Filter Include="Classes\effect">
      <UniqueIdentifier>{0b103601-7abf-4d4d-bc1e-6fdd4c6e386e}</UniqueIdentifier>
    </Filter>
    <Filter Include="Classes\json">
      <UniqueIdentifier>{a56354db-6a46-40e2-894d-5e732bb06d57}</UniqueIdentifier>
    </Filter>
    <Filter Include="Classes\json\internal">
      <UniqueIdentifier>{4bb9795f-87e7-4bb1-97e1-d9e2d0267d45}</UniqueIdentifier>
    </Filter>
  </ItemGroup>
  <ItemGroup>
    <ClCompile Include="main.cpp">
      <Filter>win32</Filter>
    </ClCompile>
    <ClCompile Include="..\Classes\AppDelegate.cpp">
      <Filter>Classes</Filter>
    </ClCompile>
    <ClCompile Include="..\Classes\PlayScene.cpp">
      <Filter>Classes</Filter>
    </ClCompile>
    <ClCompile Include="..\Classes\SnakeBase.cpp">
      <Filter>Classes\snakes</Filter>
    </ClCompile>
    <ClCompile Include="..\Classes\SnakeNode.cpp">
      <Filter>Classes\snakes</Filter>
    </ClCompile>
    <ClCompile Include="..\Classes\MarsSnake.cpp">
      <Filter>Classes\snakes</Filter>
    </ClCompile>
    <ClCompile Include="..\Classes\EarthSnake.cpp">
      <Filter>Classes\snakes</Filter>
    </ClCompile>
    <ClCompile Include="..\Classes\GameEnd.cpp">
      <Filter>Classes</Filter>
    </ClCompile>
    <ClCompile Include="..\Classes\Food.cpp">
      <Filter>Classes</Filter>
    </ClCompile>
    <ClCompile Include="..\Classes\MenuScene.cpp">
      <Filter>Classes</Filter>
    </ClCompile>
    <ClCompile Include="..\Classes\AccelerateEffect.cpp">
      <Filter>Classes\effect</Filter>
    </ClCompile>
    <ClCompile Include="..\Classes\EffectFactory.cpp">
      <Filter>Classes\effect</Filter>
    </ClCompile>
    <ClCompile Include="..\Classes\FrozenEffect.cpp">
      <Filter>Classes\effect</Filter>
    </ClCompile>
    <ClCompile Include="..\Classes\NullEffect.cpp">
      <Filter>Classes\effect</Filter>
    </ClCompile>
    <ClCompile Include="..\Classes\SlimEffect.cpp">
      <Filter>Classes\effect</Filter>
    </ClCompile>
    <ClCompile Include="..\Classes\SlowDownEffect.cpp">
      <Filter>Classes\effect</Filter>
    </ClCompile>
    <ClCompile Include="..\Classes\StealScoreEffect.cpp">
      <Filter>Classes\effect</Filter>
    </ClCompile>
    <ClCompile Include="..\Classes\TurnEffect.cpp">
      <Filter>Classes\effect</Filter>
    </ClCompile>
  </ItemGroup>
  <ItemGroup>
    <ClInclude Include="main.h">
      <Filter>win32</Filter>
    </ClInclude>
    <ClInclude Include="..\Classes\AppDelegate.h">
      <Filter>Classes</Filter>
    </ClInclude>
    <ClInclude Include="..\Classes\AppMacros.h">
      <Filter>Classes</Filter>
    </ClInclude>
    <ClInclude Include="..\Classes\PlayScene.h">
      <Filter>Classes</Filter>
    </ClInclude>
    <ClInclude Include="..\Classes\SnakeBase.h">
      <Filter>Classes\snakes</Filter>
    </ClInclude>
    <ClInclude Include="..\Classes\SnakeNode.h">
      <Filter>Classes\snakes</Filter>
    </ClInclude>
    <ClInclude Include="..\Classes\MarsSnake.h">
      <Filter>Classes\snakes</Filter>
    </ClInclude>
    <ClInclude Include="..\Classes\EarthSnake.h">
      <Filter>Classes\snakes</Filter>
    </ClInclude>
    <ClInclude Include="..\Classes\GameEnd.h">
      <Filter>Classes</Filter>
    </ClInclude>
    <ClInclude Include="..\Classes\Food.h">
      <Filter>Classes</Filter>
    </ClInclude>
    <ClInclude Include="..\Classes\MenuScene.h">
      <Filter>Classes</Filter>
    </ClInclude>
    <ClInclude Include="..\Classes\AccelerateEffect.h">
      <Filter>Classes\effect</Filter>
    </ClInclude>
    <ClInclude Include="..\Classes\Effect.h">
      <Filter>Classes\effect</Filter>
    </ClInclude>
    <ClInclude Include="..\Classes\EffectFactory.h">
      <Filter>Classes\effect</Filter>
    </ClInclude>
    <ClInclude Include="..\Classes\FrozenEffect.h">
      <Filter>Classes\effect</Filter>
    </ClInclude>
    <ClInclude Include="..\Classes\NullEffect.h">
      <Filter>Classes\effect</Filter>
    </ClInclude>
    <ClInclude Include="..\Classes\SlimEffect.h">
      <Filter>Classes\effect</Filter>
    </ClInclude>
    <ClInclude Include="..\Classes\SlowDownEffect.h">
      <Filter>Classes\effect</Filter>
    </ClInclude>
    <ClInclude Include="..\Classes\StealScoreEffect.h">
      <Filter>Classes\effect</Filter>
    </ClInclude>
    <ClInclude Include="..\Classes\TurnEffect.h">
      <Filter>Classes\effect</Filter>
    </ClInclude>
    <ClInclude Include="..\Classes\json\document.h">
      <Filter>Classes\json</Filter>
    </ClInclude>
    <ClInclude Include="..\Classes\json\filestream.h">
      <Filter>Classes\json</Filter>
    </ClInclude>
    <ClInclude Include="..\Classes\json\prettywriter.h">
      <Filter>Classes\json</Filter>
    </ClInclude>
    <ClInclude Include="..\Classes\json\rapidjson.h">
      <Filter>Classes\json</Filter>
    </ClInclude>
    <ClInclude Include="..\Classes\json\reader.h">
      <Filter>Classes\json</Filter>
    </ClInclude>
    <ClInclude Include="..\Classes\json\stringbuffer.h">
      <Filter>Classes\json</Filter>
    </ClInclude>
    <ClInclude Include="..\Classes\json\writer.h">
      <Filter>Classes\json</Filter>
    </ClInclude>
    <ClInclude Include="..\Classes\json\internal\pow10.h">
      <Filter>Classes\json\internal</Filter>
    </ClInclude>
    <ClInclude Include="..\Classes\json\internal\stack.h">
      <Filter>Classes\json\internal</Filter>
    </ClInclude>
    <ClInclude Include="..\Classes\json\internal\strfunc.h">
      <Filter>Classes\json\internal</Filter>
    </ClInclude>
  </ItemGroup>
  <ItemGroup>
    <ResourceCompile Include="game.rc">
      <Filter>resource</Filter>
    </ResourceCompile>
  </ItemGroup>
</Project>